// !$*UTF8*$!
{
	archiveVersion = 1;
	classes = {
	};
	objectVersion = 55;
	objects = {

/* Begin PBXBuildFile section */
		2928AF33284F94FE0033C13F /* AppDelegate.swift in Sources */ = {isa = PBXBuildFile; fileRef = 2928AF32284F94FE0033C13F /* AppDelegate.swift */; };
		2928AF35284F94FE0033C13F /* SceneDelegate.swift in Sources */ = {isa = PBXBuildFile; fileRef = 2928AF34284F94FE0033C13F /* SceneDelegate.swift */; };
		2928AF37284F94FE0033C13F /* ViewController.swift in Sources */ = {isa = PBXBuildFile; fileRef = 2928AF36284F94FE0033C13F /* ViewController.swift */; };
		2928AF3A284F94FE0033C13F /* Main.storyboard in Resources */ = {isa = PBXBuildFile; fileRef = 2928AF38284F94FE0033C13F /* Main.storyboard */; };
		2928AF3C284F95010033C13F /* Assets.xcassets in Resources */ = {isa = PBXBuildFile; fileRef = 2928AF3B284F95010033C13F /* Assets.xcassets */; };
		2928AF3F284F95010033C13F /* LaunchScreen.storyboard in Resources */ = {isa = PBXBuildFile; fileRef = 2928AF3D284F95010033C13F /* LaunchScreen.storyboard */; };
		2928AF4D284F95790033C13F /* ManageRecordViewController.swift in Sources */ = {isa = PBXBuildFile; fileRef = 2928AF4C284F95790033C13F /* ManageRecordViewController.swift */; };
		2928AF52284F98860033C13F /* AddRecordButton.swift in Sources */ = {isa = PBXBuildFile; fileRef = 2928AF51284F98860033C13F /* AddRecordButton.swift */; };
		2928AF54284F98BF0033C13F /* Clickable.swift in Sources */ = {isa = PBXBuildFile; fileRef = 2928AF53284F98BF0033C13F /* Clickable.swift */; };
		2928AF562850DDBF0033C13F /* Viewable.swift in Sources */ = {isa = PBXBuildFile; fileRef = 2928AF552850DDBF0033C13F /* Viewable.swift */; };
		2928AF582850EA080033C13F /* MainCoordinator.swift in Sources */ = {isa = PBXBuildFile; fileRef = 2928AF572850EA080033C13F /* MainCoordinator.swift */; };
		2928AF5A2850EA3B0033C13F /* Coordinator.swift in Sources */ = {isa = PBXBuildFile; fileRef = 2928AF592850EA3B0033C13F /* Coordinator.swift */; };
		2928AF5C2850EB380033C13F /* Storyboardable.swift in Sources */ = {isa = PBXBuildFile; fileRef = 2928AF5B2850EB380033C13F /* Storyboardable.swift */; };
		2928AF5E2850F68A0033C13F /* RecordCoordinator.swift in Sources */ = {isa = PBXBuildFile; fileRef = 2928AF5D2850F68A0033C13F /* RecordCoordinator.swift */; };
		2928AF91285253C20033C13F /* Record.swift in Sources */ = {isa = PBXBuildFile; fileRef = 2928AF90285253C20033C13F /* Record.swift */; };
		2928AF95285257800033C13F /* StatementTableView.swift in Sources */ = {isa = PBXBuildFile; fileRef = 2928AF94285257800033C13F /* StatementTableView.swift */; };
		2928AF97285263A90033C13F /* TotalBalanceView.swift in Sources */ = {isa = PBXBuildFile; fileRef = 2928AF96285263A90033C13F /* TotalBalanceView.swift */; };
		2928AF992853CAAC0033C13F /* AvatarImageView.swift in Sources */ = {isa = PBXBuildFile; fileRef = 2928AF982853CAAC0033C13F /* AvatarImageView.swift */; };
/* End PBXBuildFile section */

/* Begin PBXFileReference section */
		2928AF2F284F94FE0033C13F /* FinPal.app */ = {isa = PBXFileReference; explicitFileType = wrapper.application; includeInIndex = 0; path = FinPal.app; sourceTree = BUILT_PRODUCTS_DIR; };
		2928AF32284F94FE0033C13F /* AppDelegate.swift */ = {isa = PBXFileReference; lastKnownFileType = sourcecode.swift; path = AppDelegate.swift; sourceTree = "<group>"; };
		2928AF34284F94FE0033C13F /* SceneDelegate.swift */ = {isa = PBXFileReference; lastKnownFileType = sourcecode.swift; path = SceneDelegate.swift; sourceTree = "<group>"; };
		2928AF36284F94FE0033C13F /* ViewController.swift */ = {isa = PBXFileReference; lastKnownFileType = sourcecode.swift; path = ViewController.swift; sourceTree = "<group>"; };
		2928AF39284F94FE0033C13F /* Base */ = {isa = PBXFileReference; lastKnownFileType = file.storyboard; name = Base; path = Base.lproj/Main.storyboard; sourceTree = "<group>"; };
		2928AF3B284F95010033C13F /* Assets.xcassets */ = {isa = PBXFileReference; lastKnownFileType = folder.assetcatalog; path = Assets.xcassets; sourceTree = "<group>"; };
		2928AF3E284F95010033C13F /* Base */ = {isa = PBXFileReference; lastKnownFileType = file.storyboard; name = Base; path = Base.lproj/LaunchScreen.storyboard; sourceTree = "<group>"; };
		2928AF40284F95010033C13F /* Info.plist */ = {isa = PBXFileReference; lastKnownFileType = text.plist.xml; path = Info.plist; sourceTree = "<group>"; };
		2928AF4C284F95790033C13F /* ManageRecordViewController.swift */ = {isa = PBXFileReference; lastKnownFileType = sourcecode.swift; path = ManageRecordViewController.swift; sourceTree = "<group>"; };
		2928AF51284F98860033C13F /* AddRecordButton.swift */ = {isa = PBXFileReference; lastKnownFileType = sourcecode.swift; path = AddRecordButton.swift; sourceTree = "<group>"; };
		2928AF53284F98BF0033C13F /* Clickable.swift */ = {isa = PBXFileReference; lastKnownFileType = sourcecode.swift; path = Clickable.swift; sourceTree = "<group>"; };
		2928AF552850DDBF0033C13F /* Viewable.swift */ = {isa = PBXFileReference; lastKnownFileType = sourcecode.swift; path = Viewable.swift; sourceTree = "<group>"; };
		2928AF572850EA080033C13F /* MainCoordinator.swift */ = {isa = PBXFileReference; lastKnownFileType = sourcecode.swift; path = MainCoordinator.swift; sourceTree = "<group>"; };
		2928AF592850EA3B0033C13F /* Coordinator.swift */ = {isa = PBXFileReference; lastKnownFileType = sourcecode.swift; path = Coordinator.swift; sourceTree = "<group>"; };
		2928AF5B2850EB380033C13F /* Storyboardable.swift */ = {isa = PBXFileReference; lastKnownFileType = sourcecode.swift; path = Storyboardable.swift; sourceTree = "<group>"; };
		2928AF5D2850F68A0033C13F /* RecordCoordinator.swift */ = {isa = PBXFileReference; lastKnownFileType = sourcecode.swift; path = RecordCoordinator.swift; sourceTree = "<group>"; };
		2928AF90285253C20033C13F /* Record.swift */ = {isa = PBXFileReference; lastKnownFileType = sourcecode.swift; path = Record.swift; sourceTree = "<group>"; };
		2928AF94285257800033C13F /* StatementTableView.swift */ = {isa = PBXFileReference; lastKnownFileType = sourcecode.swift; path = StatementTableView.swift; sourceTree = "<group>"; };
		2928AF96285263A90033C13F /* TotalBalanceView.swift */ = {isa = PBXFileReference; lastKnownFileType = sourcecode.swift; path = TotalBalanceView.swift; sourceTree = "<group>"; };
		2928AF982853CAAC0033C13F /* AvatarImageView.swift */ = {isa = PBXFileReference; lastKnownFileType = sourcecode.swift; path = AvatarImageView.swift; sourceTree = "<group>"; };
/* End PBXFileReference section */

/* Begin PBXFrameworksBuildPhase section */
		2928AF2C284F94FE0033C13F /* Frameworks */ = {
			isa = PBXFrameworksBuildPhase;
			buildActionMask = 2147483647;
			files = (
			);
			runOnlyForDeploymentPostprocessing = 0;
		};
/* End PBXFrameworksBuildPhase section */

/* Begin PBXGroup section */
		2928AF26284F94FE0033C13F = {
			isa = PBXGroup;
			children = (
				2928AF31284F94FE0033C13F /* FinPal */,
				2928AF30284F94FE0033C13F /* Products */,
			);
			sourceTree = "<group>";
		};
		2928AF30284F94FE0033C13F /* Products */ = {
			isa = PBXGroup;
			children = (
				2928AF2F284F94FE0033C13F /* FinPal.app */,
			);
			name = Products;
			sourceTree = "<group>";
		};
		2928AF31284F94FE0033C13F /* FinPal */ = {
			isa = PBXGroup;
			children = (
				2928AF4B284F952C0033C13F /* Coordinators */,
				2928AF4A284F95220033C13F /* Controllers */,
				2928AF49284F951E0033C13F /* Views */,
				2928AF46284F950A0033C13F /* Models */,
				2928AF32284F94FE0033C13F /* AppDelegate.swift */,
				2928AF34284F94FE0033C13F /* SceneDelegate.swift */,
				2928AF36284F94FE0033C13F /* ViewController.swift */,
				2928AF38284F94FE0033C13F /* Main.storyboard */,
				2928AF3B284F95010033C13F /* Assets.xcassets */,
				2928AF3D284F95010033C13F /* LaunchScreen.storyboard */,
				2928AF40284F95010033C13F /* Info.plist */,
			);
			path = FinPal;
			sourceTree = "<group>";
		};
		2928AF46284F950A0033C13F /* Models */ = {
			isa = PBXGroup;
			children = (
				2928AF90285253C20033C13F /* Record.swift */,
			);
			path = Models;
			sourceTree = "<group>";
		};
		2928AF49284F951E0033C13F /* Views */ = {
			isa = PBXGroup;
			children = (
				2928AF4F284F98350033C13F /* ViewProtocols */,
				2928AF51284F98860033C13F /* AddRecordButton.swift */,
				2928AF94285257800033C13F /* StatementTableView.swift */,
				2928AF96285263A90033C13F /* TotalBalanceView.swift */,
				2928AF982853CAAC0033C13F /* AvatarImageView.swift */,
			);
			path = Views;
			sourceTree = "<group>";
		};
		2928AF4A284F95220033C13F /* Controllers */ = {
			isa = PBXGroup;
			children = (
				2928AF4C284F95790033C13F /* ManageRecordViewController.swift */,
			);
			path = Controllers;
			sourceTree = "<group>";
		};
		2928AF4B284F952C0033C13F /* Coordinators */ = {
			isa = PBXGroup;
			children = (
				2928AF572850EA080033C13F /* MainCoordinator.swift */,
				2928AF592850EA3B0033C13F /* Coordinator.swift */,
				2928AF5D2850F68A0033C13F /* RecordCoordinator.swift */,
			);
			path = Coordinators;
			sourceTree = "<group>";
		};
		2928AF4F284F98350033C13F /* ViewProtocols */ = {
			isa = PBXGroup;
			children = (
				2928AF53284F98BF0033C13F /* Clickable.swift */,
				2928AF552850DDBF0033C13F /* Viewable.swift */,
				2928AF5B2850EB380033C13F /* Storyboardable.swift */,
			);
			path = ViewProtocols;
			sourceTree = "<group>";
		};
/* End PBXGroup section */

/* Begin PBXNativeTarget section */
		2928AF2E284F94FE0033C13F /* FinPal */ = {
			isa = PBXNativeTarget;
			buildConfigurationList = 2928AF43284F95010033C13F /* Build configuration list for PBXNativeTarget "FinPal" */;
			buildPhases = (
				2928AF2B284F94FE0033C13F /* Sources */,
				2928AF2C284F94FE0033C13F /* Frameworks */,
				2928AF2D284F94FE0033C13F /* Resources */,
			);
			buildRules = (
			);
			dependencies = (
			);
			name = FinPal;
			productName = FinPal;
			productReference = 2928AF2F284F94FE0033C13F /* FinPal.app */;
			productType = "com.apple.product-type.application";
		};
/* End PBXNativeTarget section */

/* Begin PBXProject section */
		2928AF27284F94FE0033C13F /* Project object */ = {
			isa = PBXProject;
			attributes = {
				BuildIndependentTargetsInParallel = 1;
				LastSwiftUpdateCheck = 1320;
				LastUpgradeCheck = 1320;
				TargetAttributes = {
					2928AF2E284F94FE0033C13F = {
						CreatedOnToolsVersion = 13.2.1;
					};
				};
			};
			buildConfigurationList = 2928AF2A284F94FE0033C13F /* Build configuration list for PBXProject "FinPal" */;
			compatibilityVersion = "Xcode 13.0";
			developmentRegion = en;
			hasScannedForEncodings = 0;
			knownRegions = (
				en,
				Base,
			);
			mainGroup = 2928AF26284F94FE0033C13F;
			productRefGroup = 2928AF30284F94FE0033C13F /* Products */;
			projectDirPath = "";
			projectRoot = "";
			targets = (
				2928AF2E284F94FE0033C13F /* FinPal */,
			);
		};
/* End PBXProject section */

/* Begin PBXResourcesBuildPhase section */
		2928AF2D284F94FE0033C13F /* Resources */ = {
			isa = PBXResourcesBuildPhase;
			buildActionMask = 2147483647;
			files = (
				2928AF3F284F95010033C13F /* LaunchScreen.storyboard in Resources */,
				2928AF3C284F95010033C13F /* Assets.xcassets in Resources */,
				2928AF3A284F94FE0033C13F /* Main.storyboard in Resources */,
			);
			runOnlyForDeploymentPostprocessing = 0;
		};
/* End PBXResourcesBuildPhase section */

/* Begin PBXSourcesBuildPhase section */
		2928AF2B284F94FE0033C13F /* Sources */ = {
			isa = PBXSourcesBuildPhase;
			buildActionMask = 2147483647;
			files = (
				2928AF95285257800033C13F /* StatementTableView.swift in Sources */,
				2928AF562850DDBF0033C13F /* Viewable.swift in Sources */,
				2928AF582850EA080033C13F /* MainCoordinator.swift in Sources */,
				2928AF54284F98BF0033C13F /* Clickable.swift in Sources */,
				2928AF52284F98860033C13F /* AddRecordButton.swift in Sources */,
				2928AF4D284F95790033C13F /* ManageRecordViewController.swift in Sources */,
				2928AF992853CAAC0033C13F /* AvatarImageView.swift in Sources */,
				2928AF37284F94FE0033C13F /* ViewController.swift in Sources */,
				2928AF33284F94FE0033C13F /* AppDelegate.swift in Sources */,
				2928AF91285253C20033C13F /* Record.swift in Sources */,
				2928AF35284F94FE0033C13F /* SceneDelegate.swift in Sources */,
				2928AF97285263A90033C13F /* TotalBalanceView.swift in Sources */,
				2928AF5E2850F68A0033C13F /* RecordCoordinator.swift in Sources */,
				2928AF5C2850EB380033C13F /* Storyboardable.swift in Sources */,
				2928AF5A2850EA3B0033C13F /* Coordinator.swift in Sources */,
			);
			runOnlyForDeploymentPostprocessing = 0;
		};
/* End PBXSourcesBuildPhase section */

/* Begin PBXVariantGroup section */
		2928AF38284F94FE0033C13F /* Main.storyboard */ = {
			isa = PBXVariantGroup;
			children = (
				2928AF39284F94FE0033C13F /* Base */,
			);
			name = Main.storyboard;
			sourceTree = "<group>";
		};
		2928AF3D284F95010033C13F /* LaunchScreen.storyboard */ = {
			isa = PBXVariantGroup;
			children = (
				2928AF3E284F95010033C13F /* Base */,
			);
			name = LaunchScreen.storyboard;
			sourceTree = "<group>";
		};
/* End PBXVariantGroup section */

/* Begin XCBuildConfiguration section */
		2928AF41284F95010033C13F /* Debug */ = {
			isa = XCBuildConfiguration;
			buildSettings = {
				ALWAYS_SEARCH_USER_PATHS = NO;
				CLANG_ANALYZER_NONNULL = YES;
				CLANG_ANALYZER_NUMBER_OBJECT_CONVERSION = YES_AGGRESSIVE;
				CLANG_CXX_LANGUAGE_STANDARD = "gnu++17";
				CLANG_CXX_LIBRARY = "libc++";
				CLANG_ENABLE_MODULES = YES;
				CLANG_ENABLE_OBJC_ARC = YES;
				CLANG_ENABLE_OBJC_WEAK = YES;
				CLANG_WARN_BLOCK_CAPTURE_AUTORELEASING = YES;
				CLANG_WARN_BOOL_CONVERSION = YES;
				CLANG_WARN_COMMA = YES;
				CLANG_WARN_CONSTANT_CONVERSION = YES;
				CLANG_WARN_DEPRECATED_OBJC_IMPLEMENTATIONS = YES;
				CLANG_WARN_DIRECT_OBJC_ISA_USAGE = YES_ERROR;
				CLANG_WARN_DOCUMENTATION_COMMENTS = YES;
				CLANG_WARN_EMPTY_BODY = YES;
				CLANG_WARN_ENUM_CONVERSION = YES;
				CLANG_WARN_INFINITE_RECURSION = YES;
				CLANG_WARN_INT_CONVERSION = YES;
				CLANG_WARN_NON_LITERAL_NULL_CONVERSION = YES;
				CLANG_WARN_OBJC_IMPLICIT_RETAIN_SELF = YES;
				CLANG_WARN_OBJC_LITERAL_CONVERSION = YES;
				CLANG_WARN_OBJC_ROOT_CLASS = YES_ERROR;
				CLANG_WARN_QUOTED_INCLUDE_IN_FRAMEWORK_HEADER = YES;
				CLANG_WARN_RANGE_LOOP_ANALYSIS = YES;
				CLANG_WARN_STRICT_PROTOTYPES = YES;
				CLANG_WARN_SUSPICIOUS_MOVE = YES;
				CLANG_WARN_UNGUARDED_AVAILABILITY = YES_AGGRESSIVE;
				CLANG_WARN_UNREACHABLE_CODE = YES;
				CLANG_WARN__DUPLICATE_METHOD_MATCH = YES;
				COPY_PHASE_STRIP = NO;
				DEBUG_INFORMATION_FORMAT = dwarf;
				ENABLE_STRICT_OBJC_MSGSEND = YES;
				ENABLE_TESTABILITY = YES;
				GCC_C_LANGUAGE_STANDARD = gnu11;
				GCC_DYNAMIC_NO_PIC = NO;
				GCC_NO_COMMON_BLOCKS = YES;
				GCC_OPTIMIZATION_LEVEL = 0;
				GCC_PREPROCESSOR_DEFINITIONS = (
					"DEBUG=1",
					"$(inherited)",
				);
				GCC_WARN_64_TO_32_BIT_CONVERSION = YES;
				GCC_WARN_ABOUT_RETURN_TYPE = YES_ERROR;
				GCC_WARN_UNDECLARED_SELECTOR = YES;
				GCC_WARN_UNINITIALIZED_AUTOS = YES_AGGRESSIVE;
				GCC_WARN_UNUSED_FUNCTION = YES;
				GCC_WARN_UNUSED_VARIABLE = YES;
				IPHONEOS_DEPLOYMENT_TARGET = 15.2;
				MTL_ENABLE_DEBUG_INFO = INCLUDE_SOURCE;
				MTL_FAST_MATH = YES;
				ONLY_ACTIVE_ARCH = YES;
				SDKROOT = iphoneos;
				SWIFT_ACTIVE_COMPILATION_CONDITIONS = DEBUG;
				SWIFT_OPTIMIZATION_LEVEL = "-Onone";
			};
			name = Debug;
		};
		2928AF42284F95010033C13F /* Release */ = {
			isa = XCBuildConfiguration;
			buildSettings = {
				ALWAYS_SEARCH_USER_PATHS = NO;
				CLANG_ANALYZER_NONNULL = YES;
				CLANG_ANALYZER_NUMBER_OBJECT_CONVERSION = YES_AGGRESSIVE;
				CLANG_CXX_LANGUAGE_STANDARD = "gnu++17";
				CLANG_CXX_LIBRARY = "libc++";
				CLANG_ENABLE_MODULES = YES;
				CLANG_ENABLE_OBJC_ARC = YES;
				CLANG_ENABLE_OBJC_WEAK = YES;
				CLANG_WARN_BLOCK_CAPTURE_AUTORELEASING = YES;
				CLANG_WARN_BOOL_CONVERSION = YES;
				CLANG_WARN_COMMA = YES;
				CLANG_WARN_CONSTANT_CONVERSION = YES;
				CLANG_WARN_DEPRECATED_OBJC_IMPLEMENTATIONS = YES;
				CLANG_WARN_DIRECT_OBJC_ISA_USAGE = YES_ERROR;
				CLANG_WARN_DOCUMENTATION_COMMENTS = YES;
				CLANG_WARN_EMPTY_BODY = YES;
				CLANG_WARN_ENUM_CONVERSION = YES;
				CLANG_WARN_INFINITE_RECURSION = YES;
				CLANG_WARN_INT_CONVERSION = YES;
				CLANG_WARN_NON_LITERAL_NULL_CONVERSION = YES;
				CLANG_WARN_OBJC_IMPLICIT_RETAIN_SELF = YES;
				CLANG_WARN_OBJC_LITERAL_CONVERSION = YES;
				CLANG_WARN_OBJC_ROOT_CLASS = YES_ERROR;
				CLANG_WARN_QUOTED_INCLUDE_IN_FRAMEWORK_HEADER = YES;
				CLANG_WARN_RANGE_LOOP_ANALYSIS = YES;
				CLANG_WARN_STRICT_PROTOTYPES = YES;
				CLANG_WARN_SUSPICIOUS_MOVE = YES;
				CLANG_WARN_UNGUARDED_AVAILABILITY = YES_AGGRESSIVE;
				CLANG_WARN_UNREACHABLE_CODE = YES;
				CLANG_WARN__DUPLICATE_METHOD_MATCH = YES;
				COPY_PHASE_STRIP = NO;
				DEBUG_INFORMATION_FORMAT = "dwarf-with-dsym";
				ENABLE_NS_ASSERTIONS = NO;
				ENABLE_STRICT_OBJC_MSGSEND = YES;
				GCC_C_LANGUAGE_STANDARD = gnu11;
				GCC_NO_COMMON_BLOCKS = YES;
				GCC_WARN_64_TO_32_BIT_CONVERSION = YES;
				GCC_WARN_ABOUT_RETURN_TYPE = YES_ERROR;
				GCC_WARN_UNDECLARED_SELECTOR = YES;
				GCC_WARN_UNINITIALIZED_AUTOS = YES_AGGRESSIVE;
				GCC_WARN_UNUSED_FUNCTION = YES;
				GCC_WARN_UNUSED_VARIABLE = YES;
				IPHONEOS_DEPLOYMENT_TARGET = 15.2;
				MTL_ENABLE_DEBUG_INFO = NO;
				MTL_FAST_MATH = YES;
				SDKROOT = iphoneos;
				SWIFT_COMPILATION_MODE = wholemodule;
				SWIFT_OPTIMIZATION_LEVEL = "-O";
				VALIDATE_PRODUCT = YES;
			};
			name = Release;
		};
		2928AF44284F95010033C13F /* Debug */ = {
			isa = XCBuildConfiguration;
			buildSettings = {
				ASSETCATALOG_COMPILER_APPICON_NAME = AppIcon;
				ASSETCATALOG_COMPILER_GLOBAL_ACCENT_COLOR_NAME = AccentColor;
				CODE_SIGN_STYLE = Automatic;
				CURRENT_PROJECT_VERSION = 1;
				DEVELOPMENT_TEAM = Z9M62WF3J6;
				GENERATE_INFOPLIST_FILE = YES;
				INFOPLIST_FILE = FinPal/Info.plist;
				INFOPLIST_KEY_UIApplicationSupportsIndirectInputEvents = YES;
				INFOPLIST_KEY_UILaunchStoryboardName = LaunchScreen;
				INFOPLIST_KEY_UISupportedInterfaceOrientations_iPad = "UIInterfaceOrientationPortrait UIInterfaceOrientationPortraitUpsideDown UIInterfaceOrientationLandscapeLeft UIInterfaceOrientationLandscapeRight";
				INFOPLIST_KEY_UISupportedInterfaceOrientations_iPhone = "UIInterfaceOrientationPortrait UIInterfaceOrientationLandscapeLeft UIInterfaceOrientationLandscapeRight";
				LD_RUNPATH_SEARCH_PATHS = (
					"$(inherited)",
					"@executable_path/Frameworks",
				);
				MARKETING_VERSION = 1.0;
				PRODUCT_BUNDLE_IDENTIFIER = comtq.FinPal;
				PRODUCT_NAME = "$(TARGET_NAME)";
				SWIFT_EMIT_LOC_STRINGS = YES;
				SWIFT_VERSION = 5.0;
				TARGETED_DEVICE_FAMILY = "1,2";
			};
			name = Debug;
		};
		2928AF45284F95010033C13F /* Release */ = {
			isa = XCBuildConfiguration;
			buildSettings = {
				ASSETCATALOG_COMPILER_APPICON_NAME = AppIcon;
				ASSETCATALOG_COMPILER_GLOBAL_ACCENT_COLOR_NAME = AccentColor;
				CODE_SIGN_STYLE = Automatic;
				CURRENT_PROJECT_VERSION = 1;
				DEVELOPMENT_TEAM = Z9M62WF3J6;
				GENERATE_INFOPLIST_FILE = YES;
				INFOPLIST_FILE = FinPal/Info.plist;
				INFOPLIST_KEY_UIApplicationSupportsIndirectInputEvents = YES;
				INFOPLIST_KEY_UILaunchStoryboardName = LaunchScreen;
				INFOPLIST_KEY_UISupportedInterfaceOrientations_iPad = "UIInterfaceOrientationPortrait UIInterfaceOrientationPortraitUpsideDown UIInterfaceOrientationLandscapeLeft UIInterfaceOrientationLandscapeRight";
				INFOPLIST_KEY_UISupportedInterfaceOrientations_iPhone = "UIInterfaceOrientationPortrait UIInterfaceOrientationLandscapeLeft UIInterfaceOrientationLandscapeRight";
				LD_RUNPATH_SEARCH_PATHS = (
					"$(inherited)",
					"@executable_path/Frameworks",
				);
				MARKETING_VERSION = 1.0;
				PRODUCT_BUNDLE_IDENTIFIER = comtq.FinPal;
				PRODUCT_NAME = "$(TARGET_NAME)";
				SWIFT_EMIT_LOC_STRINGS = YES;
				SWIFT_VERSION = 5.0;
				TARGETED_DEVICE_FAMILY = "1,2";
			};
			name = Release;
		};
/* End XCBuildConfiguration section */

/* Begin XCConfigurationList section */
		2928AF2A284F94FE0033C13F /* Build configuration list for PBXProject "FinPal" */ = {
			isa = XCConfigurationList;
			buildConfigurations = (
				2928AF41284F95010033C13F /* Debug */,
				2928AF42284F95010033C13F /* Release */,
			);
			defaultConfigurationIsVisible = 0;
			defaultConfigurationName = Release;
		};
		2928AF43284F95010033C13F /* Build configuration list for PBXNativeTarget "FinPal" */ = {
			isa = XCConfigurationList;
			buildConfigurations = (
				2928AF44284F95010033C13F /* Debug */,
				2928AF45284F95010033C13F /* Release */,
			);
			defaultConfigurationIsVisible = 0;
			defaultConfigurationName = Release;
		};
/* End XCConfigurationList section */
	};
	rootObject = 2928AF27284F94FE0033C13F /* Project object */;
}
